
Microsoft Visual Studio Solution File, Format Version 12.00
# Visual Studio Version 16
VisualStudioVersion = 16.0.29318.209
MinimumVisualStudioVersion = 10.0.40219.1
Project("{FAE04EC0-301F-11D3-BF4B-00C04F79EFBC}") = "SympleAppointments.Web", "SympleAppointments.Web\SympleAppointments.Web.csproj", "{0BEC53EB-0DE0-4E82-950E-256818FA3376}"
EndProject
Project("{FAE04EC0-301F-11D3-BF4B-00C04F79EFBC}") = "SympleAppointments.Application", "SympleAppointments.Application\SympleAppointments.Application.csproj", "{0FBFA0FB-EC0B-4E4B-AA94-3DD5428B524A}"
EndProject
Project("{FAE04EC0-301F-11D3-BF4B-00C04F79EFBC}") = "SympleAppointments.Domain", "SympleAppointments.Domain\SympleAppointments.Domain.csproj", "{20C065F6-013D-47F1-BBB4-FA51FFDC008F}"
EndProject
Project("{FAE04EC0-301F-11D3-BF4B-00C04F79EFBC}") = "SympleAppointments.Persistance", "SympleAppointments.Persistance\SympleAppointments.Persistance.csproj", "{3009EA69-33DC-4450-A615-D772921E9E1C}"
EndProject
Project("{FAE04EC0-301F-11D3-BF4B-00C04F79EFBC}") = "SympleAppointments.Infrastructure", "SympleAppointments.Infrastructure\SympleAppointments.Infrastructure.csproj", "{B935855B-7C03-49DB-AAED-B4C793AD3740}"
EndProject
Global
	GlobalSection(SolutionConfigurationPlatforms) = preSolution
		Debug|Any CPU = Debug|Any CPU
		Release|Any CPU = Release|Any CPU
	EndGlobalSection
	GlobalSection(ProjectConfigurationPlatforms) = postSolution
		{0BEC53EB-0DE0-4E82-950E-256818FA3376}.Debug|Any CPU.ActiveCfg = Debug|Any CPU
		{0BEC53EB-0DE0-4E82-950E-256818FA3376}.Debug|Any CPU.Build.0 = Debug|Any CPU
		{0BEC53EB-0DE0-4E82-950E-256818FA3376}.Release|Any CPU.ActiveCfg = Release|Any CPU
		{0BEC53EB-0DE0-4E82-950E-256818FA3376}.Release|Any CPU.Build.0 = Release|Any CPU
		{0FBFA0FB-EC0B-4E4B-AA94-3DD5428B524A}.Debug|Any CPU.ActiveCfg = Debug|Any CPU
		{0FBFA0FB-EC0B-4E4B-AA94-3DD5428B524A}.Debug|Any CPU.Build.0 = Debug|Any CPU
		{0FBFA0FB-EC0B-4E4B-AA94-3DD5428B524A}.Release|Any CPU.ActiveCfg = Release|Any CPU
		{0FBFA0FB-EC0B-4E4B-AA94-3DD5428B524A}.Release|Any CPU.Build.0 = Release|Any CPU
		{20C065F6-013D-47F1-BBB4-FA51FFDC008F}.Debug|Any CPU.ActiveCfg = Debug|Any CPU
		{20C065F6-013D-47F1-BBB4-FA51FFDC008F}.Debug|Any CPU.Build.0 = Debug|Any CPU
		{20C065F6-013D-47F1-BBB4-FA51FFDC008F}.Release|Any CPU.ActiveCfg = Release|Any CPU
		{20C065F6-013D-47F1-BBB4-FA51FFDC008F}.Release|Any CPU.Build.0 = Release|Any CPU
		{3009EA69-33DC-4450-A615-D772921E9E1C}.Debug|Any CPU.ActiveCfg = Debug|Any CPU
		{3009EA69-33DC-4450-A615-D772921E9E1C}.Debug|Any CPU.Build.0 = Debug|Any CPU
		{3009EA69-33DC-4450-A615-D772921E9E1C}.Release|Any CPU.ActiveCfg = Release|Any CPU
		{3009EA69-33DC-4450-A615-D772921E9E1C}.Release|Any CPU.Build.0 = Release|Any CPU
		{B935855B-7C03-49DB-AAED-B4C793AD3740}.Debug|Any CPU.ActiveCfg = Debug|Any CPU
		{B935855B-7C03-49DB-AAED-B4C793AD3740}.Debug|Any CPU.Build.0 = Debug|Any CPU
		{B935855B-7C03-49DB-AAED-B4C793AD3740}.Release|Any CPU.ActiveCfg = Release|Any CPU
		{B935855B-7C03-49DB-AAED-B4C793AD3740}.Release|Any CPU.Build.0 = Release|Any CPU
	EndGlobalSection
	GlobalSection(SolutionProperties) = preSolution
		HideSolutionNode = FALSE
	EndGlobalSection
	GlobalSection(ExtensibilityGlobals) = postSolution
		SolutionGuid = {DBCD6245-764F-4284-BCEC-764D9E72F155}
	EndGlobalSection
EndGlobal
